// !$*UTF8*$!
{
	archiveVersion = 1;
	classes = {
	};
	objectVersion = 50;
	objects = {

/* Begin PBXBuildFile section */
		B50EB40B222C184D007B5CA4 /* AppDelegate.swift in Sources */ = {isa = PBXBuildFile; fileRef = B50EB40A222C184D007B5CA4 /* AppDelegate.swift */; };
		B50EB40D222C184D007B5CA4 /* ViewController.swift in Sources */ = {isa = PBXBuildFile; fileRef = B50EB40C222C184D007B5CA4 /* ViewController.swift */; };
		B50EB410222C184D007B5CA4 /* Main.storyboard in Resources */ = {isa = PBXBuildFile; fileRef = B50EB40E222C184D007B5CA4 /* Main.storyboard */; };
		B50EB412222C184E007B5CA4 /* Assets.xcassets in Resources */ = {isa = PBXBuildFile; fileRef = B50EB411222C184E007B5CA4 /* Assets.xcassets */; };
		B50EB415222C184E007B5CA4 /* LaunchScreen.storyboard in Resources */ = {isa = PBXBuildFile; fileRef = B50EB413222C184E007B5CA4 /* LaunchScreen.storyboard */; };
		B50EB420222C184E007B5CA4 /* jannaTests.swift in Sources */ = {isa = PBXBuildFile; fileRef = B50EB41F222C184E007B5CA4 /* jannaTests.swift */; };
		B50EB42B222C184E007B5CA4 /* jannaUITests.swift in Sources */ = {isa = PBXBuildFile; fileRef = B50EB42A222C184E007B5CA4 /* jannaUITests.swift */; };
/* End PBXBuildFile section */

/* Begin PBXContainerItemProxy section */
		B50EB41C222C184E007B5CA4 /* PBXContainerItemProxy */ = {
			isa = PBXContainerItemProxy;
			containerPortal = B50EB3FF222C184D007B5CA4 /* Project object */;
			proxyType = 1;
			remoteGlobalIDString = B50EB406222C184D007B5CA4;
			remoteInfo = janna;
		};
		B50EB427222C184E007B5CA4 /* PBXContainerItemProxy */ = {
			isa = PBXContainerItemProxy;
			containerPortal = B50EB3FF222C184D007B5CA4 /* Project object */;
			proxyType = 1;
			remoteGlobalIDString = B50EB406222C184D007B5CA4;
			remoteInfo = janna;
		};
/* End PBXContainerItemProxy section */

/* Begin PBXFileReference section */
		B50EB407222C184D007B5CA4 /* janna.app */ = {isa = PBXFileReference; explicitFileType = wrapper.application; includeInIndex = 0; path = janna.app; sourceTree = BUILT_PRODUCTS_DIR; };
		B50EB40A222C184D007B5CA4 /* AppDelegate.swift */ = {isa = PBXFileReference; lastKnownFileType = sourcecode.swift; path = AppDelegate.swift; sourceTree = "<group>"; };
		B50EB40C222C184D007B5CA4 /* ViewController.swift */ = {isa = PBXFileReference; lastKnownFileType = sourcecode.swift; path = ViewController.swift; sourceTree = "<group>"; };
		B50EB40F222C184D007B5CA4 /* Base */ = {isa = PBXFileReference; lastKnownFileType = file.storyboard; name = Base; path = Base.lproj/Main.storyboard; sourceTree = "<group>"; };
		B50EB411222C184E007B5CA4 /* Assets.xcassets */ = {isa = PBXFileReference; lastKnownFileType = folder.assetcatalog; path = Assets.xcassets; sourceTree = "<group>"; };
		B50EB414222C184E007B5CA4 /* Base */ = {isa = PBXFileReference; lastKnownFileType = file.storyboard; name = Base; path = Base.lproj/LaunchScreen.storyboard; sourceTree = "<group>"; };
		B50EB416222C184E007B5CA4 /* Info.plist */ = {isa = PBXFileReference; lastKnownFileType = text.plist.xml; path = Info.plist; sourceTree = "<group>"; };
		B50EB41B222C184E007B5CA4 /* jannaTests.xctest */ = {isa = PBXFileReference; explicitFileType = wrapper.cfbundle; includeInIndex = 0; path = jannaTests.xctest; sourceTree = BUILT_PRODUCTS_DIR; };
		B50EB41F222C184E007B5CA4 /* jannaTests.swift */ = {isa = PBXFileReference; lastKnownFileType = sourcecode.swift; path = jannaTests.swift; sourceTree = "<group>"; };
		B50EB421222C184E007B5CA4 /* Info.plist */ = {isa = PBXFileReference; lastKnownFileType = text.plist.xml; path = Info.plist; sourceTree = "<group>"; };
		B50EB426222C184E007B5CA4 /* jannaUITests.xctest */ = {isa = PBXFileReference; explicitFileType = wrapper.cfbundle; includeInIndex = 0; path = jannaUITests.xctest; sourceTree = BUILT_PRODUCTS_DIR; };
		B50EB42A222C184E007B5CA4 /* jannaUITests.swift */ = {isa = PBXFileReference; lastKnownFileType = sourcecode.swift; path = jannaUITests.swift; sourceTree = "<group>"; };
		B50EB42C222C184E007B5CA4 /* Info.plist */ = {isa = PBXFileReference; lastKnownFileType = text.plist.xml; path = Info.plist; sourceTree = "<group>"; };
/* End PBXFileReference section */

/* Begin PBXFrameworksBuildPhase section */
		B50EB404222C184D007B5CA4 /* Frameworks */ = {
			isa = PBXFrameworksBuildPhase;
			buildActionMask = 2147483647;
			files = (
			);
			runOnlyForDeploymentPostprocessing = 0;
		};
		B50EB418222C184E007B5CA4 /* Frameworks */ = {
			isa = PBXFrameworksBuildPhase;
			buildActionMask = 2147483647;
			files = (
			);
			runOnlyForDeploymentPostprocessing = 0;
		};
		B50EB423222C184E007B5CA4 /* Frameworks */ = {
			isa = PBXFrameworksBuildPhase;
			buildActionMask = 2147483647;
			files = (
			);
			runOnlyForDeploymentPostprocessing = 0;
		};
/* End PBXFrameworksBuildPhase section */

/* Begin PBXGroup section */
		B50EB3FE222C184D007B5CA4 = {
			isa = PBXGroup;
			children = (
				B50EB409222C184D007B5CA4 /* janna */,
				B50EB41E222C184E007B5CA4 /* jannaTests */,
				B50EB429222C184E007B5CA4 /* jannaUITests */,
				B50EB408222C184D007B5CA4 /* Products */,
			);
			sourceTree = "<group>";
		};
		B50EB408222C184D007B5CA4 /* Products */ = {
			isa = PBXGroup;
			children = (
				B50EB407222C184D007B5CA4 /* janna.app */,
				B50EB41B222C184E007B5CA4 /* jannaTests.xctest */,
				B50EB426222C184E007B5CA4 /* jannaUITests.xctest */,
			);
			name = Products;
			sourceTree = "<group>";
		};
		B50EB409222C184D007B5CA4 /* janna */ = {
			isa = PBXGroup;
			children = (
				B50EB40A222C184D007B5CA4 /* AppDelegate.swift */,
				B50EB40C222C184D007B5CA4 /* ViewController.swift */,
				B50EB40E222C184D007B5CA4 /* Main.storyboard */,
				B50EB411222C184E007B5CA4 /* Assets.xcassets */,
				B50EB413222C184E007B5CA4 /* LaunchScreen.storyboard */,
				B50EB416222C184E007B5CA4 /* Info.plist */,
			);
			path = janna;
			sourceTree = "<group>";
		};
		B50EB41E222C184E007B5CA4 /* jannaTests */ = {
			isa = PBXGroup;
			children = (
				B50EB41F222C184E007B5CA4 /* jannaTests.swift */,
				B50EB421222C184E007B5CA4 /* Info.plist */,
			);
			path = jannaTests;
			sourceTree = "<group>";
		};
		B50EB429222C184E007B5CA4 /* jannaUITests */ = {
			isa = PBXGroup;
			children = (
				B50EB42A222C184E007B5CA4 /* jannaUITests.swift */,
				B50EB42C222C184E007B5CA4 /* Info.plist */,
			);
			path = jannaUITests;
			sourceTree = "<group>";
		};
/* End PBXGroup section */

/* Begin PBXNativeTarget section */
		B50EB406222C184D007B5CA4 /* janna */ = {
			isa = PBXNativeTarget;
			buildConfigurationList = B50EB42F222C184E007B5CA4 /* Build configuration list for PBXNativeTarget "janna" */;
			buildPhases = (
				B50EB403222C184D007B5CA4 /* Sources */,
				B50EB404222C184D007B5CA4 /* Frameworks */,
				B50EB405222C184D007B5CA4 /* Resources */,
			);
			buildRules = (
			);
			dependencies = (
			);
			name = janna;
			productName = janna;
			productReference = B50EB407222C184D007B5CA4 /* janna.app */;
			productType = "com.apple.product-type.application";
		};
		B50EB41A222C184E007B5CA4 /* jannaTests */ = {
			isa = PBXNativeTarget;
			buildConfigurationList = B50EB432222C184E007B5CA4 /* Build configuration list for PBXNativeTarget "jannaTests" */;
			buildPhases = (
				B50EB417222C184E007B5CA4 /* Sources */,
				B50EB418222C184E007B5CA4 /* Frameworks */,
				B50EB419222C184E007B5CA4 /* Resources */,
			);
			buildRules = (
			);
			dependencies = (
				B50EB41D222C184E007B5CA4 /* PBXTargetDependency */,
			);
			name = jannaTests;
			productName = jannaTests;
			productReference = B50EB41B222C184E007B5CA4 /* jannaTests.xctest */;
			productType = "com.apple.product-type.bundle.unit-test";
		};
		B50EB425222C184E007B5CA4 /* jannaUITests */ = {
			isa = PBXNativeTarget;
			buildConfigurationList = B50EB435222C184E007B5CA4 /* Build configuration list for PBXNativeTarget "jannaUITests" */;
			buildPhases = (
				B50EB422222C184E007B5CA4 /* Sources */,
				B50EB423222C184E007B5CA4 /* Frameworks */,
				B50EB424222C184E007B5CA4 /* Resources */,
			);
			buildRules = (
			);
			dependencies = (
				B50EB428222C184E007B5CA4 /* PBXTargetDependency */,
			);
			name = jannaUITests;
			productName = jannaUITests;
			productReference = B50EB426222C184E007B5CA4 /* jannaUITests.xctest */;
			productType = "com.apple.product-type.bundle.ui-testing";
		};
/* End PBXNativeTarget section */

/* Begin PBXProject section */
		B50EB3FF222C184D007B5CA4 /* Project object */ = {
			isa = PBXProject;
			attributes = {
				LastSwiftUpdateCheck = 1010;
				LastUpgradeCheck = 1010;
				ORGANIZATIONNAME = "Maimonah Altaweel";
				TargetAttributes = {
					B50EB406222C184D007B5CA4 = {
						CreatedOnToolsVersion = 10.1;
					};
					B50EB41A222C184E007B5CA4 = {
						CreatedOnToolsVersion = 10.1;
						TestTargetID = B50EB406222C184D007B5CA4;
					};
					B50EB425222C184E007B5CA4 = {
						CreatedOnToolsVersion = 10.1;
						TestTargetID = B50EB406222C184D007B5CA4;
					};
				};
			};
			buildConfigurationList = B50EB402222C184D007B5CA4 /* Build configuration list for PBXProject "janna" */;
			compatibilityVersion = "Xcode 9.3";
			developmentRegion = en;
			hasScannedForEncodings = 0;
			knownRegions = (
				en,
				Base,
			);
			mainGroup = B50EB3FE222C184D007B5CA4;
			productRefGroup = B50EB408222C184D007B5CA4 /* Products */;
			projectDirPath = "";
			projectRoot = "";
			targets = (
				B50EB406222C184D007B5CA4 /* janna */,
				B50EB41A222C184E007B5CA4 /* jannaTests */,
				B50EB425222C184E007B5CA4 /* jannaUITests */,
			);
		};
/* End PBXProject section */

/* Begin PBXResourcesBuildPhase section */
		B50EB405222C184D007B5CA4 /* Resources */ = {
			isa = PBXResourcesBuildPhase;
			buildActionMask = 2147483647;
			files = (
				B50EB415222C184E007B5CA4 /* LaunchScreen.storyboard in Resources */,
				B50EB412222C184E007B5CA4 /* Assets.xcassets in Resources */,
				B50EB410222C184D007B5CA4 /* Main.storyboard in Resources */,
			);
			runOnlyForDeploymentPostprocessing = 0;
		};
		B50EB419222C184E007B5CA4 /* Resources */ = {
			isa = PBXResourcesBuildPhase;
			buildActionMask = 2147483647;
			files = (
			);
			runOnlyForDeploymentPostprocessing = 0;
		};
		B50EB424222C184E007B5CA4 /* Resources */ = {
			isa = PBXResourcesBuildPhase;
			buildActionMask = 2147483647;
			files = (
			);
			runOnlyForDeploymentPostprocessing = 0;
		};
/* End PBXResourcesBuildPhase section */

/* Begin PBXSourcesBuildPhase section */
		B50EB403222C184D007B5CA4 /* Sources */ = {
			isa = PBXSourcesBuildPhase;
			buildActionMask = 2147483647;
			files = (
				B50EB40D222C184D007B5CA4 /* ViewController.swift in Sources */,
				B50EB40B222C184D007B5CA4 /* AppDelegate.swift in Sources */,
			);
			runOnlyForDeploymentPostprocessing = 0;
		};
		B50EB417222C184E007B5CA4 /* Sources */ = {
			isa = PBXSourcesBuildPhase;
			buildActionMask = 2147483647;
			files = (
				B50EB420222C184E007B5CA4 /* jannaTests.swift in Sources */,
			);
			runOnlyForDeploymentPostprocessing = 0;
		};
		B50EB422222C184E007B5CA4 /* Sources */ = {
			isa = PBXSourcesBuildPhase;
			buildActionMask = 2147483647;
			files = (
				B50EB42B222C184E007B5CA4 /* jannaUITests.swift in Sources */,
			);
			runOnlyForDeploymentPostprocessing = 0;
		};
/* End PBXSourcesBuildPhase section */

/* Begin PBXTargetDependency section */
		B50EB41D222C184E007B5CA4 /* PBXTargetDependency */ = {
			isa = PBXTargetDependency;
			target = B50EB406222C184D007B5CA4 /* janna */;
			targetProxy = B50EB41C222C184E007B5CA4 /* PBXContainerItemProxy */;
		};
		B50EB428222C184E007B5CA4 /* PBXTargetDependency */ = {
			isa = PBXTargetDependency;
			target = B50EB406222C184D007B5CA4 /* janna */;
			targetProxy = B50EB427222C184E007B5CA4 /* PBXContainerItemProxy */;
		};
/* End PBXTargetDependency section */

/* Begin PBXVariantGroup section */
		B50EB40E222C184D007B5CA4 /* Main.storyboard */ = {
			isa = PBXVariantGroup;
			children = (
				B50EB40F222C184D007B5CA4 /* Base */,
			);
			name = Main.storyboard;
			sourceTree = "<group>";
		};
		B50EB413222C184E007B5CA4 /* LaunchScreen.storyboard */ = {
			isa = PBXVariantGroup;
			children = (
				B50EB414222C184E007B5CA4 /* Base */,
			);
			name = LaunchScreen.storyboard;
			sourceTree = "<group>";
		};
/* End PBXVariantGroup section */

/* Begin XCBuildConfiguration section */
		B50EB42D222C184E007B5CA4 /* Debug */ = {
			isa = XCBuildConfiguration;
			buildSettings = {
				ALWAYS_SEARCH_USER_PATHS = NO;
				CLANG_ANALYZER_NONNULL = YES;
				CLANG_ANALYZER_NUMBER_OBJECT_CONVERSION = YES_AGGRESSIVE;
				CLANG_CXX_LANGUAGE_STANDARD = "gnu++14";
				CLANG_CXX_LIBRARY = "libc++";
				CLANG_ENABLE_MODULES = YES;
				CLANG_ENABLE_OBJC_ARC = YES;
				CLANG_ENABLE_OBJC_WEAK = YES;
				CLANG_WARN_BLOCK_CAPTURE_AUTORELEASING = YES;
				CLANG_WARN_BOOL_CONVERSION = YES;
				CLANG_WARN_COMMA = YES;
				CLANG_WARN_CONSTANT_CONVERSION = YES;
				CLANG_WARN_DEPRECATED_OBJC_IMPLEMENTATIONS = YES;
				CLANG_WARN_DIRECT_OBJC_ISA_USAGE = YES_ERROR;
				CLANG_WARN_DOCUMENTATION_COMMENTS = YES;
				CLANG_WARN_EMPTY_BODY = YES;
				CLANG_WARN_ENUM_CONVERSION = YES;
				CLANG_WARN_INFINITE_RECURSION = YES;
				CLANG_WARN_INT_CONVERSION = YES;
				CLANG_WARN_NON_LITERAL_NULL_CONVERSION = YES;
				CLANG_WARN_OBJC_IMPLICIT_RETAIN_SELF = YES;
				CLANG_WARN_OBJC_LITERAL_CONVERSION = YES;
				CLANG_WARN_OBJC_ROOT_CLASS = YES_ERROR;
				CLANG_WARN_RANGE_LOOP_ANALYSIS = YES;
				CLANG_WARN_STRICT_PROTOTYPES = YES;
				CLANG_WARN_SUSPICIOUS_MOVE = YES;
				CLANG_WARN_UNGUARDED_AVAILABILITY = YES_AGGRESSIVE;
				CLANG_WARN_UNREACHABLE_CODE = YES;
				CLANG_WARN__DUPLICATE_METHOD_MATCH = YES;
				CODE_SIGN_IDENTITY = "iPhone Developer";
				COPY_PHASE_STRIP = NO;
				DEBUG_INFORMATION_FORMAT = dwarf;
				ENABLE_STRICT_OBJC_MSGSEND = YES;
				ENABLE_TESTABILITY = YES;
				GCC_C_LANGUAGE_STANDARD = gnu11;
				GCC_DYNAMIC_NO_PIC = NO;
				GCC_NO_COMMON_BLOCKS = YES;
				GCC_OPTIMIZATION_LEVEL = 0;
				GCC_PREPROCESSOR_DEFINITIONS = (
					"DEBUG=1",
					"$(inherited)",
				);
				GCC_WARN_64_TO_32_BIT_CONVERSION = YES;
				GCC_WARN_ABOUT_RETURN_TYPE = YES_ERROR;
				GCC_WARN_UNDECLARED_SELECTOR = YES;
				GCC_WARN_UNINITIALIZED_AUTOS = YES_AGGRESSIVE;
				GCC_WARN_UNUSED_FUNCTION = YES;
				GCC_WARN_UNUSED_VARIABLE = YES;
				IPHONEOS_DEPLOYMENT_TARGET = 12.1;
				MTL_ENABLE_DEBUG_INFO = INCLUDE_SOURCE;
				MTL_FAST_MATH = YES;
				ONLY_ACTIVE_ARCH = YES;
				SDKROOT = iphoneos;
				SWIFT_ACTIVE_COMPILATION_CONDITIONS = DEBUG;
				SWIFT_OPTIMIZATION_LEVEL = "-Onone";
			};
			name = Debug;
		};
		B50EB42E222C184E007B5CA4 /* Release */ = {
			isa = XCBuildConfiguration;
			buildSettings = {
				ALWAYS_SEARCH_USER_PATHS = NO;
				CLANG_ANALYZER_NONNULL = YES;
				CLANG_ANALYZER_NUMBER_OBJECT_CONVERSION = YES_AGGRESSIVE;
				CLANG_CXX_LANGUAGE_STANDARD = "gnu++14";
				CLANG_CXX_LIBRARY = "libc++";
				CLANG_ENABLE_MODULES = YES;
				CLANG_ENABLE_OBJC_ARC = YES;
				CLANG_ENABLE_OBJC_WEAK = YES;
				CLANG_WARN_BLOCK_CAPTURE_AUTORELEASING = YES;
				CLANG_WARN_BOOL_CONVERSION = YES;
				CLANG_WARN_COMMA = YES;
				CLANG_WARN_CONSTANT_CONVERSION = YES;
				CLANG_WARN_DEPRECATED_OBJC_IMPLEMENTATIONS = YES;
				CLANG_WARN_DIRECT_OBJC_ISA_USAGE = YES_ERROR;
				CLANG_WARN_DOCUMENTATION_COMMENTS = YES;
				CLANG_WARN_EMPTY_BODY = YES;
				CLANG_WARN_ENUM_CONVERSION = YES;
				CLANG_WARN_INFINITE_RECURSION = YES;
				CLANG_WARN_INT_CONVERSION = YES;
				CLANG_WARN_NON_LITERAL_NULL_CONVERSION = YES;
				CLANG_WARN_OBJC_IMPLICIT_RETAIN_SELF = YES;
				CLANG_WARN_OBJC_LITERAL_CONVERSION = YES;
				CLANG_WARN_OBJC_ROOT_CLASS = YES_ERROR;
				CLANG_WARN_RANGE_LOOP_ANALYSIS = YES;
				CLANG_WARN_STRICT_PROTOTYPES = YES;
				CLANG_WARN_SUSPICIOUS_MOVE = YES;
				CLANG_WARN_UNGUARDED_AVAILABILITY = YES_AGGRESSIVE;
				CLANG_WARN_UNREACHABLE_CODE = YES;
				CLANG_WARN__DUPLICATE_METHOD_MATCH = YES;
				CODE_SIGN_IDENTITY = "iPhone Developer";
				COPY_PHASE_STRIP = NO;
				DEBUG_INFORMATION_FORMAT = "dwarf-with-dsym";
				ENABLE_NS_ASSERTIONS = NO;
				ENABLE_STRICT_OBJC_MSGSEND = YES;
				GCC_C_LANGUAGE_STANDARD = gnu11;
				GCC_NO_COMMON_BLOCKS = YES;
				GCC_WARN_64_TO_32_BIT_CONVERSION = YES;
				GCC_WARN_ABOUT_RETURN_TYPE = YES_ERROR;
				GCC_WARN_UNDECLARED_SELECTOR = YES;
				GCC_WARN_UNINITIALIZED_AUTOS = YES_AGGRESSIVE;
				GCC_WARN_UNUSED_FUNCTION = YES;
				GCC_WARN_UNUSED_VARIABLE = YES;
				IPHONEOS_DEPLOYMENT_TARGET = 12.1;
				MTL_ENABLE_DEBUG_INFO = NO;
				MTL_FAST_MATH = YES;
				SDKROOT = iphoneos;
				SWIFT_COMPILATION_MODE = wholemodule;
				SWIFT_OPTIMIZATION_LEVEL = "-O";
				VALIDATE_PRODUCT = YES;
			};
			name = Release;
		};
		B50EB430222C184E007B5CA4 /* Debug */ = {
			isa = XCBuildConfiguration;
			buildSettings = {
				ASSETCATALOG_COMPILER_APPICON_NAME = AppIcon;
				CODE_SIGN_STYLE = Automatic;
				INFOPLIST_FILE = janna/Info.plist;
				LD_RUNPATH_SEARCH_PATHS = (
					"$(inherited)",
					"@executable_path/Frameworks",
				);
				PRODUCT_BUNDLE_IDENTIFIER = maimonah.janna;
				PRODUCT_NAME = "$(TARGET_NAME)";
				SWIFT_VERSION = 4.2;
				TARGETED_DEVICE_FAMILY = "1,2";
			};
			name = Debug;
		};
		B50EB431222C184E007B5CA4 /* Release */ = {
			isa = XCBuildConfiguration;
			buildSettings = {
				ASSETCATALOG_COMPILER_APPICON_NAME = AppIcon;
				CODE_SIGN_STYLE = Automatic;
				INFOPLIST_FILE = janna/Info.plist;
				LD_RUNPATH_SEARCH_PATHS = (
					"$(inherited)",
					"@executable_path/Frameworks",
				);
				PRODUCT_BUNDLE_IDENTIFIER = maimonah.janna;
				PRODUCT_NAME = "$(TARGET_NAME)";
				SWIFT_VERSION = 4.2;
				TARGETED_DEVICE_FAMILY = "1,2";
			};
			name = Release;
		};
		B50EB433222C184E007B5CA4 /* Debug */ = {
			isa = XCBuildConfiguration;
			buildSettings = {
				ALWAYS_EMBED_SWIFT_STANDARD_LIBRARIES = YES;
				BUNDLE_LOADER = "$(TEST_HOST)";
				CODE_SIGN_STYLE = Automatic;
				INFOPLIST_FILE = jannaTests/Info.plist;
				LD_RUNPATH_SEARCH_PATHS = (
					"$(inherited)",
					"@executable_path/Frameworks",
					"@loader_path/Frameworks",
				);
				PRODUCT_BUNDLE_IDENTIFIER = maimonah.jannaTests;
				PRODUCT_NAME = "$(TARGET_NAME)";
				SWIFT_VERSION = 4.2;
				TARGETED_DEVICE_FAMILY = "1,2";
				TEST_HOST = "$(BUILT_PRODUCTS_DIR)/janna.app/janna";
			};
			name = Debug;
		};
		B50EB434222C184E007B5CA4 /* Release */ = {
			isa = XCBuildConfiguration;
			buildSettings = {
				ALWAYS_EMBED_SWIFT_STANDARD_LIBRARIES = YES;
				BUNDLE_LOADER = "$(TEST_HOST)";
				CODE_SIGN_STYLE = Automatic;
				INFOPLIST_FILE = jannaTests/Info.plist;
				LD_RUNPATH_SEARCH_PATHS = (
					"$(inherited)",
					"@executable_path/Frameworks",
					"@loader_path/Frameworks",
				);
				PRODUCT_BUNDLE_IDENTIFIER = maimonah.jannaTests;
				PRODUCT_NAME = "$(TARGET_NAME)";
				SWIFT_VERSION = 4.2;
				TARGETED_DEVICE_FAMILY = "1,2";
				TEST_HOST = "$(BUILT_PRODUCTS_DIR)/janna.app/janna";
			};
			name = Release;
		};
		B50EB436222C184E007B5CA4 /* Debug */ = {
			isa = XCBuildConfiguration;
			buildSettings = {
				ALWAYS_EMBED_SWIFT_STANDARD_LIBRARIES = YES;
				CODE_SIGN_STYLE = Automatic;
				INFOPLIST_FILE = jannaUITests/Info.plist;
				LD_RUNPATH_SEARCH_PATHS = (
					"$(inherited)",
					"@executable_path/Frameworks",
					"@loader_path/Frameworks",
				);
				PRODUCT_BUNDLE_IDENTIFIER = maimonah.jannaUITests;
				PRODUCT_NAME = "$(TARGET_NAME)";
				SWIFT_VERSION = 4.2;
				TARGETED_DEVICE_FAMILY = "1,2";
				TEST_TARGET_NAME = janna;
			};
			name = Debug;
		};
		B50EB437222C184E007B5CA4 /* Release */ = {
			isa = XCBuildConfiguration;
			buildSettings = {
				ALWAYS_EMBED_SWIFT_STANDARD_LIBRARIES = YES;
				CODE_SIGN_STYLE = Automatic;
				INFOPLIST_FILE = jannaUITests/Info.plist;
				LD_RUNPATH_SEARCH_PATHS = (
					"$(inherited)",
					"@executable_path/Frameworks",
					"@loader_path/Frameworks",
				);
				PRODUCT_BUNDLE_IDENTIFIER = maimonah.jannaUITests;
				PRODUCT_NAME = "$(TARGET_NAME)";
				SWIFT_VERSION = 4.2;
				TARGETED_DEVICE_FAMILY = "1,2";
				TEST_TARGET_NAME = janna;
			};
			name = Release;
		};
/* End XCBuildConfiguration section */

/* Begin XCConfigurationList section */
		B50EB402222C184D007B5CA4 /* Build configuration list for PBXProject "janna" */ = {
			isa = XCConfigurationList;
			buildConfigurations = (
				B50EB42D222C184E007B5CA4 /* Debug */,
				B50EB42E222C184E007B5CA4 /* Release */,
			);
			defaultConfigurationIsVisible = 0;
			defaultConfigurationName = Release;
		};
		B50EB42F222C184E007B5CA4 /* Build configuration list for PBXNativeTarget "janna" */ = {
			isa = XCConfigurationList;
			buildConfigurations = (
				B50EB430222C184E007B5CA4 /* Debug */,
				B50EB431222C184E007B5CA4 /* Release */,
			);
			defaultConfigurationIsVisible = 0;
			defaultConfigurationName = Release;
		};
		B50EB432222C184E007B5CA4 /* Build configuration list for PBXNativeTarget "jannaTests" */ = {
			isa = XCConfigurationList;
			buildConfigurations = (
				B50EB433222C184E007B5CA4 /* Debug */,
				B50EB434222C184E007B5CA4 /* Release */,
			);
			defaultConfigurationIsVisible = 0;
			defaultConfigurationName = Release;
		};
		B50EB435222C184E007B5CA4 /* Build configuration list for PBXNativeTarget "jannaUITests" */ = {
			isa = XCConfigurationList;
			buildConfigurations = (
				B50EB436222C184E007B5CA4 /* Debug */,
				B50EB437222C184E007B5CA4 /* Release */,
			);
			defaultConfigurationIsVisible = 0;
			defaultConfigurationName = Release;
		};
/* End XCConfigurationList section */
	};
	rootObject = B50EB3FF222C184D007B5CA4 /* Project object */;
}
